
Microsoft Visual Studio Solution File, Format Version 12.00
# Visual Studio 14
VisualStudioVersion = 14.0.25123.0
MinimumVisualStudioVersion = 10.0.40219.1
Project("{FAE04EC0-301F-11D3-BF4B-00C04F79EFBC}") = "WizardWars", "WizardWars\WizardWars.csproj", "{BAAD02D2-B5AD-4041-8505-D60A3018C308}"
EndProject
Project("{FAE04EC0-301F-11D3-BF4B-00C04F79EFBC}") = "Prototyping", "Prototyping\Prototyping.csproj", "{1157396E-8EAB-410C-B5C7-6519A33946EE}"
EndProject
Global
	GlobalSection(SolutionConfigurationPlatforms) = preSolution
		Debug|Any CPU = Debug|Any CPU
		Release|Any CPU = Release|Any CPU
	EndGlobalSection
	GlobalSection(ProjectConfigurationPlatforms) = postSolution
		{BAAD02D2-B5AD-4041-8505-D60A3018C308}.Debug|Any CPU.ActiveCfg = Debug|Any CPU
		{BAAD02D2-B5AD-4041-8505-D60A3018C308}.Debug|Any CPU.Build.0 = Debug|Any CPU
		{BAAD02D2-B5AD-4041-8505-D60A3018C308}.Release|Any CPU.ActiveCfg = Release|Any CPU
		{BAAD02D2-B5AD-4041-8505-D60A3018C308}.Release|Any CPU.Build.0 = Release|Any CPU
		{1157396E-8EAB-410C-B5C7-6519A33946EE}.Debug|Any CPU.ActiveCfg = Debug|Any CPU
		{1157396E-8EAB-410C-B5C7-6519A33946EE}.Debug|Any CPU.Build.0 = Debug|Any CPU
		{1157396E-8EAB-410C-B5C7-6519A33946EE}.Release|Any CPU.ActiveCfg = Release|Any CPU
		{1157396E-8EAB-410C-B5C7-6519A33946EE}.Release|Any CPU.Build.0 = Release|Any CPU
	EndGlobalSection
	GlobalSection(SolutionProperties) = preSolution
		HideSolutionNode = FALSE
	EndGlobalSection
EndGlobal
